
Microsoft Visual Studio Solution File, Format Version 12.00
# Visual Studio Version 17
VisualStudioVersion = 17.2.32505.173
MinimumVisualStudioVersion = 10.0.40219.1
Project("{9A19103F-16F7-4668-BE54-9A1E7A4F7556}") = "BlazorEcommerce.Server", "BlazorEcommerce\Server\BlazorEcommerce.Server.csproj", "{A0F019DF-527E-4E5C-B260-3F0222CD42CB}"
EndProject
Project("{9A19103F-16F7-4668-BE54-9A1E7A4F7556}") = "BlazorEcommerce.Client", "BlazorEcommerce\Client\BlazorEcommerce.Client.csproj", "{F01D261A-F7B9-4114-94D7-263BF81B1910}"
EndProject
Project("{9A19103F-16F7-4668-BE54-9A1E7A4F7556}") = "BlazorEcommerce.Shared", "BlazorEcommerce\Shared\BlazorEcommerce.Shared.csproj", "{0C5CA9BD-22E9-4101-BA62-C4BCF9EBA126}"
EndProject
Global
	GlobalSection(SolutionConfigurationPlatforms) = preSolution
		Debug|Any CPU = Debug|Any CPU
		Release|Any CPU = Release|Any CPU
	EndGlobalSection
	GlobalSection(ProjectConfigurationPlatforms) = postSolution
		{A0F019DF-527E-4E5C-B260-3F0222CD42CB}.Debug|Any CPU.ActiveCfg = Debug|Any CPU
		{A0F019DF-527E-4E5C-B260-3F0222CD42CB}.Debug|Any CPU.Build.0 = Debug|Any CPU
		{A0F019DF-527E-4E5C-B260-3F0222CD42CB}.Release|Any CPU.ActiveCfg = Release|Any CPU
		{A0F019DF-527E-4E5C-B260-3F0222CD42CB}.Release|Any CPU.Build.0 = Release|Any CPU
		{F01D261A-F7B9-4114-94D7-263BF81B1910}.Debug|Any CPU.ActiveCfg = Debug|Any CPU
		{F01D261A-F7B9-4114-94D7-263BF81B1910}.Debug|Any CPU.Build.0 = Debug|Any CPU
		{F01D261A-F7B9-4114-94D7-263BF81B1910}.Release|Any CPU.ActiveCfg = Release|Any CPU
		{F01D261A-F7B9-4114-94D7-263BF81B1910}.Release|Any CPU.Build.0 = Release|Any CPU
		{0C5CA9BD-22E9-4101-BA62-C4BCF9EBA126}.Debug|Any CPU.ActiveCfg = Debug|Any CPU
		{0C5CA9BD-22E9-4101-BA62-C4BCF9EBA126}.Debug|Any CPU.Build.0 = Debug|Any CPU
		{0C5CA9BD-22E9-4101-BA62-C4BCF9EBA126}.Release|Any CPU.ActiveCfg = Release|Any CPU
		{0C5CA9BD-22E9-4101-BA62-C4BCF9EBA126}.Release|Any CPU.Build.0 = Release|Any CPU
	EndGlobalSection
	GlobalSection(SolutionProperties) = preSolution
		HideSolutionNode = FALSE
	EndGlobalSection
	GlobalSection(ExtensibilityGlobals) = postSolution
		SolutionGuid = {66F49B7B-7AFA-45A0-8002-6131CFB34011}
	EndGlobalSection
EndGlobal
